
Microsoft Visual Studio Solution File, Format Version 12.00
# Visual Studio Version 16
VisualStudioVersion = 16.0.32126.315
MinimumVisualStudioVersion = 10.0.40219.1
Project("{9A19103F-16F7-4668-BE54-9A1E7A4F7556}") = "OnlineCinema.Web", "OnlineCinema.Web\OnlineCinema.Web.csproj", "{E2F22033-9F6D-4A8D-9B94-5223374E6E58}"
EndProject
Global
	GlobalSection(SolutionConfigurationPlatforms) = preSolution
		Debug|Any CPU = Debug|Any CPU
		Release|Any CPU = Release|Any CPU
	EndGlobalSection
	GlobalSection(ProjectConfigurationPlatforms) = postSolution
		{E2F22033-9F6D-4A8D-9B94-5223374E6E58}.Debug|Any CPU.ActiveCfg = Debug|Any CPU
		{E2F22033-9F6D-4A8D-9B94-5223374E6E58}.Debug|Any CPU.Build.0 = Debug|Any CPU
		{E2F22033-9F6D-4A8D-9B94-5223374E6E58}.Release|Any CPU.ActiveCfg = Release|Any CPU
		{E2F22033-9F6D-4A8D-9B94-5223374E6E58}.Release|Any CPU.Build.0 = Release|Any CPU
	EndGlobalSection
	GlobalSection(SolutionProperties) = preSolution
		HideSolutionNode = FALSE
	EndGlobalSection
	GlobalSection(ExtensibilityGlobals) = postSolution
		SolutionGuid = {B7F54F73-4861-458A-B669-56E3CE2A3304}
	EndGlobalSection
EndGlobal
